// !$*UTF8*$!
{
	archiveVersion = 1;
	classes = {
	};
	objectVersion = 77;
	objects = {

/* Begin PBXBuildFile section */
		BA3339B72EBFC5100012B6AA /* InfoHubView.swift in Sources */ = {isa = PBXBuildFile; fileRef = BA3339B62EBFC5090012B6AA /* InfoHubView.swift */; };
		BA3339B92EBFC52B0012B6AA /* InfoSelectionView.swift in Sources */ = {isa = PBXBuildFile; fileRef = BA3339B82EBFC5260012B6AA /* InfoSelectionView.swift */; };
		BA3339C12EBFC60D0012B6AA /* NapiInfoMainView.swift in Sources */ = {isa = PBXBuildFile; fileRef = BA3339C02EBFC6020012B6AA /* NapiInfoMainView.swift */; };
		BA3339C32EBFC6440012B6AA /* MonthCalendarView.swift in Sources */ = {isa = PBXBuildFile; fileRef = BA3339C22EBFC63A0012B6AA /* MonthCalendarView.swift */; };
		BA3339C52EBFC6620012B6AA /* YearCalendarView.swift in Sources */ = {isa = PBXBuildFile; fileRef = BA3339C42EBFC65D0012B6AA /* YearCalendarView.swift */; };
		BA3339C72EBFC67C0012B6AA /* NapiInfoListItem.swift in Sources */ = {isa = PBXBuildFile; fileRef = BA3339C62EBFC6770012B6AA /* NapiInfoListItem.swift */; };
		BA3339C92EBFC6980012B6AA /* NapiInfoDetailView.swift in Sources */ = {isa = PBXBuildFile; fileRef = BA3339C82EBFC6940012B6AA /* NapiInfoDetailView.swift */; };
		BA3339CB2EBFC6B50012B6AA /* BeosztasView.swift in Sources */ = {isa = PBXBuildFile; fileRef = BA3339CA2EBFC6B00012B6AA /* BeosztasView.swift */; };
		BA3339CD2EBFC6CE0012B6AA /* TermekekView.swift in Sources */ = {isa = PBXBuildFile; fileRef = BA3339CC2EBFC6CA0012B6AA /* TermekekView.swift */; };
		BA3339D92EBFC7A20012B6AA /* WeekStatusCard.swift in Sources */ = {isa = PBXBuildFile; fileRef = BA3339D72EBFC7A20012B6AA /* WeekStatusCard.swift */; };
		BA3339DA2EBFC7A20012B6AA /* HomeView.swift in Sources */ = {isa = PBXBuildFile; fileRef = BA3339D62EBFC7A20012B6AA /* HomeView.swift */; };
		BA3339F92EBFCA390012B6AA /* ContentView.swift in Sources */ = {isa = PBXBuildFile; fileRef = BA3339F82EBFCA390012B6AA /* ContentView.swift */; };
		BA3339FE2EBFCA710012B6AA /* ColorTheme.swift in Sources */ = {isa = PBXBuildFile; fileRef = BA3339FD2EBFCA710012B6AA /* ColorTheme.swift */; };
		BA333A062EBFCB3D0012B6AA /* PersistenceController.swift in Sources */ = {isa = PBXBuildFile; fileRef = BA333A052EBFCB3D0012B6AA /* PersistenceController.swift */; };
		BA333A242EBFCEE40012B6AA /* WeekCalendarView.swift in Sources */ = {isa = PBXBuildFile; fileRef = BA333A222EBFCEE00012B6AA /* WeekCalendarView.swift */; };
		BA333A2A2EBFCFC20012B6AA /* Store343.xcdatamodeld in Sources */ = {isa = PBXBuildFile; fileRef = BA333A282EBFCFC20012B6AA /* Store343.xcdatamodeld */; };
		BA333A2B2EBFD0010012B6AA /* ImagePicker.swift in Sources */ = {isa = PBXBuildFile; fileRef = BA333A2D2EBFD0030012B6AA /* ImagePicker.swift */; };
		FBCE0625A10D433FA025BE55 /* ClaudeAPIService.swift in Sources */ = {isa = PBXBuildFile; fileRef = 536A6DBCF93643FB844C7C0D /* ClaudeAPIService.swift */; };
		AA111B22C33D44E55F667788 /* AppleVisionOCRService.swift in Sources */ = {isa = PBXBuildFile; fileRef = BB222C33D44E55F66778899A /* AppleVisionOCRService.swift */; };
		BA333A312EBFD0200012B6AA /* TermekekHubView.swift in Sources */ = {isa = PBXBuildFile; fileRef = BA333A302EBFD01F0012B6AA /* TermekekHubView.swift */; };
		BA333A332EBFD0220012B6AA /* ElosztasokView.swift in Sources */ = {isa = PBXBuildFile; fileRef = BA333A322EBFD0210012B6AA /* ElosztasokView.swift */; };
		BA333A352EBFD0240012B6AA /* HianycikkekView.swift in Sources */ = {isa = PBXBuildFile; fileRef = BA333A342EBFD0230012B6AA /* HianycikkekView.swift */; };
		BA333A372EBFD0260012B6AA /* NfVisszakuldesView.swift in Sources */ = {isa = PBXBuildFile; fileRef = BA333A362EBFD0250012B6AA /* NfVisszakuldesView.swift */; };
		BA333A3B2EBFD02A0012B6AA /* NfBizonylatListView.swift in Sources */ = {isa = PBXBuildFile; fileRef = BA333A3A2EBFD0290012B6AA /* NfBizonylatListView.swift */; };
		BA333A3D2EBFD02C0012B6AA /* NfTermekListView.swift in Sources */ = {isa = PBXBuildFile; fileRef = BA333A3C2EBFD02B0012B6AA /* NfTermekListView.swift */; };
		BA333A3F2EBFD02E0012B6AA /* NfOCRProcessView.swift in Sources */ = {isa = PBXBuildFile; fileRef = BA333A3E2EBFD02D0012B6AA /* NfOCRProcessView.swift */; };
		4A3255CAC0BA4CF18B4EE44D /* QuickActionCard.swift in Sources */ = {isa = PBXBuildFile; fileRef = E3BB88A27F5B4FAB8BF1AEC0 /* QuickActionCard.swift */; };
		C1DCC5530C9742C98B28E6EA /* WideCard.swift in Sources */ = {isa = PBXBuildFile; fileRef = F822521389694F12827F1CB9 /* WideCard.swift */; };
		5A3756F371604793B6583FED /* WeeklyInfoCard.swift in Sources */ = {isa = PBXBuildFile; fileRef = DF301BD419CF43D9A8297447 /* WeeklyInfoCard.swift */; };
		2F9673CE234C466BA1631263 /* DocumentPicker.swift in Sources */ = {isa = PBXBuildFile; fileRef = CD8EE23E4DDB4D4A9729A2CB /* DocumentPicker.swift */; };
		491F8B59258C46F288165E76 /* NapiInfoModels.swift in Sources */ = {isa = PBXBuildFile; fileRef = D5E8AC18E241454886AB7C68 /* NapiInfoModels.swift */; };
		E1968FBC54C747188153061A /* NfModels.swift in Sources */ = {isa = PBXBuildFile; fileRef = 3E7C172DE95447029EFCF5A7 /* NfModels.swift */; };
		F86263F58D594BB98D6F930E /* NfBizonylatDetailView.swift in Sources */ = {isa = PBXBuildFile; fileRef = F048A20F427F428AAC5A72D0 /* NfBizonylatDetailView.swift */; };
		15656E3993C44C3D84708A55 /* HianycikkModels.swift in Sources */ = {isa = PBXBuildFile; fileRef = 49797A3C04A14BB9B37B2993 /* HianycikkModels.swift */; };
		E90DC9CFAF75460885149E82 /* HianycikkKategoriaView.swift in Sources */ = {isa = PBXBuildFile; fileRef = 2B1420D7492E4FA49F486AC1 /* HianycikkKategoriaView.swift */; };
		1E795BA0F97F4FDB812A451F /* UjHianycikkView.swift in Sources */ = {isa = PBXBuildFile; fileRef = 5FA57120A95545F89A0C0513 /* UjHianycikkView.swift */; };
		95B867C46BA647B581E1C70A /* RendelesiListaView.swift in Sources */ = {isa = PBXBuildFile; fileRef = BE8EAF4566E348829E080CA2 /* RendelesiListaView.swift */; };
		AA1122BB33CC44DD55EE6677 /* BeosztasModels.swift in Sources */ = {isa = PBXBuildFile; fileRef = BB2233CC44DD55EE66FF7788 /* BeosztasModels.swift */; };
		/* End PBXBuildFile section */

/* Begin PBXFileReference section */
		BA3339AB2EBF98450012B6AA /* Store343.app */ = {isa = PBXFileReference; explicitFileType = wrapper.application; includeInIndex = 0; path = Store343.app; sourceTree = BUILT_PRODUCTS_DIR; };
		BA3339B62EBFC5090012B6AA /* InfoHubView.swift */ = {isa = PBXFileReference; lastKnownFileType = sourcecode.swift; path = InfoHubView.swift; sourceTree = "<group>"; };
		BA3339B82EBFC5260012B6AA /* InfoSelectionView.swift */ = {isa = PBXFileReference; lastKnownFileType = sourcecode.swift; path = InfoSelectionView.swift; sourceTree = "<group>"; };
		BA3339C02EBFC6020012B6AA /* NapiInfoMainView.swift */ = {isa = PBXFileReference; lastKnownFileType = sourcecode.swift; path = NapiInfoMainView.swift; sourceTree = "<group>"; };
		BA3339C22EBFC63A0012B6AA /* MonthCalendarView.swift */ = {isa = PBXFileReference; lastKnownFileType = sourcecode.swift; path = MonthCalendarView.swift; sourceTree = "<group>"; };
		BA3339C42EBFC65D0012B6AA /* YearCalendarView.swift */ = {isa = PBXFileReference; lastKnownFileType = sourcecode.swift; path = YearCalendarView.swift; sourceTree = "<group>"; };
		BA3339C62EBFC6770012B6AA /* NapiInfoListItem.swift */ = {isa = PBXFileReference; lastKnownFileType = sourcecode.swift; path = NapiInfoListItem.swift; sourceTree = "<group>"; };
		BA3339C82EBFC6940012B6AA /* NapiInfoDetailView.swift */ = {isa = PBXFileReference; lastKnownFileType = sourcecode.swift; path = NapiInfoDetailView.swift; sourceTree = "<group>"; };
		BA3339CA2EBFC6B00012B6AA /* BeosztasView.swift */ = {isa = PBXFileReference; lastKnownFileType = sourcecode.swift; path = BeosztasView.swift; sourceTree = "<group>"; };
		BA3339CC2EBFC6CA0012B6AA /* TermekekView.swift */ = {isa = PBXFileReference; lastKnownFileType = sourcecode.swift; path = TermekekView.swift; sourceTree = "<group>"; };
		BA3339D62EBFC7A20012B6AA /* HomeView.swift */ = {isa = PBXFileReference; lastKnownFileType = sourcecode.swift; path = HomeView.swift; sourceTree = "<group>"; };
		BA3339D72EBFC7A20012B6AA /* WeekStatusCard.swift */ = {isa = PBXFileReference; lastKnownFileType = sourcecode.swift; path = WeekStatusCard.swift; sourceTree = "<group>"; };
		BA3339F82EBFCA390012B6AA /* ContentView.swift */ = {isa = PBXFileReference; lastKnownFileType = sourcecode.swift; path = ContentView.swift; sourceTree = "<group>"; };
		BA3339FD2EBFCA710012B6AA /* ColorTheme.swift */ = {isa = PBXFileReference; lastKnownFileType = sourcecode.swift; path = ColorTheme.swift; sourceTree = "<group>"; };
		BA333A052EBFCB3D0012B6AA /* PersistenceController.swift */ = {isa = PBXFileReference; lastKnownFileType = sourcecode.swift; path = PersistenceController.swift; sourceTree = "<group>"; };
		BA333A222EBFCEE00012B6AA /* WeekCalendarView.swift */ = {isa = PBXFileReference; lastKnownFileType = sourcecode.swift; path = WeekCalendarView.swift; sourceTree = "<group>"; };
		BA333A292EBFCFC20012B6AA /* Store343.xcdatamodel */ = {isa = PBXFileReference; lastKnownFileType = wrapper.xcdatamodel; path = Store343.xcdatamodel; sourceTree = "<group>"; };
		BA333A2D2EBFD0030012B6AA /* ImagePicker.swift */ = {isa = PBXFileReference; lastKnownFileType = sourcecode.swift; path = ImagePicker.swift; sourceTree = "<group>"; };
		536A6DBCF93643FB844C7C0D /* ClaudeAPIService.swift */ = {isa = PBXFileReference; lastKnownFileType = sourcecode.swift; path = ClaudeAPIService.swift; sourceTree = "<group>"; };
		BB222C33D44E55F66778899A /* AppleVisionOCRService.swift */ = {isa = PBXFileReference; lastKnownFileType = sourcecode.swift; path = AppleVisionOCRService.swift; sourceTree = "<group>"; };
		BA333A302EBFD01F0012B6AA /* TermekekHubView.swift */ = {isa = PBXFileReference; lastKnownFileType = sourcecode.swift; path = TermekekHubView.swift; sourceTree = "<group>"; };
		BA333A322EBFD0210012B6AA /* ElosztasokView.swift */ = {isa = PBXFileReference; lastKnownFileType = sourcecode.swift; path = ElosztasokView.swift; sourceTree = "<group>"; };
		BA333A342EBFD0230012B6AA /* HianycikkekView.swift */ = {isa = PBXFileReference; lastKnownFileType = sourcecode.swift; path = HianycikkekView.swift; sourceTree = "<group>"; };
		BA333A362EBFD0250012B6AA /* NfVisszakuldesView.swift */ = {isa = PBXFileReference; lastKnownFileType = sourcecode.swift; path = NfVisszakuldesView.swift; sourceTree = "<group>"; };
		BA333A3A2EBFD0290012B6AA /* NfBizonylatListView.swift */ = {isa = PBXFileReference; lastKnownFileType = sourcecode.swift; path = NfBizonylatListView.swift; sourceTree = "<group>"; };
		BA333A3C2EBFD02B0012B6AA /* NfTermekListView.swift */ = {isa = PBXFileReference; lastKnownFileType = sourcecode.swift; path = NfTermekListView.swift; sourceTree = "<group>"; };
		BA333A3E2EBFD02D0012B6AA /* NfOCRProcessView.swift */ = {isa = PBXFileReference; lastKnownFileType = sourcecode.swift; path = NfOCRProcessView.swift; sourceTree = "<group>"; };
		E3BB88A27F5B4FAB8BF1AEC0 /* QuickActionCard.swift */ = {isa = PBXFileReference; lastKnownFileType = sourcecode.swift; path = QuickActionCard.swift; sourceTree = "<group>"; };
		F822521389694F12827F1CB9 /* WideCard.swift */ = {isa = PBXFileReference; lastKnownFileType = sourcecode.swift; path = WideCard.swift; sourceTree = "<group>"; };
		DF301BD419CF43D9A8297447 /* WeeklyInfoCard.swift */ = {isa = PBXFileReference; lastKnownFileType = sourcecode.swift; path = WeeklyInfoCard.swift; sourceTree = "<group>"; };
		CD8EE23E4DDB4D4A9729A2CB /* DocumentPicker.swift */ = {isa = PBXFileReference; lastKnownFileType = sourcecode.swift; path = DocumentPicker.swift; sourceTree = "<group>"; };
		D5E8AC18E241454886AB7C68 /* NapiInfoModels.swift */ = {isa = PBXFileReference; lastKnownFileType = sourcecode.swift; path = NapiInfoModels.swift; sourceTree = "<group>"; };
		3E7C172DE95447029EFCF5A7 /* NfModels.swift */ = {isa = PBXFileReference; lastKnownFileType = sourcecode.swift; path = NfModels.swift; sourceTree = "<group>"; };
		F048A20F427F428AAC5A72D0 /* NfBizonylatDetailView.swift */ = {isa = PBXFileReference; lastKnownFileType = sourcecode.swift; path = NfBizonylatDetailView.swift; sourceTree = "<group>"; };
		49797A3C04A14BB9B37B2993 /* HianycikkModels.swift */ = {isa = PBXFileReference; lastKnownFileType = sourcecode.swift; path = HianycikkModels.swift; sourceTree = "<group>"; };
		2B1420D7492E4FA49F486AC1 /* HianycikkKategoriaView.swift */ = {isa = PBXFileReference; lastKnownFileType = sourcecode.swift; path = HianycikkKategoriaView.swift; sourceTree = "<group>"; };
		5FA57120A95545F89A0C0513 /* UjHianycikkView.swift */ = {isa = PBXFileReference; lastKnownFileType = sourcecode.swift; path = UjHianycikkView.swift; sourceTree = "<group>"; };
		BE8EAF4566E348829E080CA2 /* RendelesiListaView.swift */ = {isa = PBXFileReference; lastKnownFileType = sourcecode.swift; path = RendelesiListaView.swift; sourceTree = "<group>"; };
		BB2233CC44DD55EE66FF7788 /* BeosztasModels.swift */ = {isa = PBXFileReference; lastKnownFileType = sourcecode.swift; path = BeosztasModels.swift; sourceTree = "<group>"; };
		/* End PBXFileReference section */

/* Begin PBXFileSystemSynchronizedRootGroup section */
		BA333A042EBFCABC0012B6AA /* Store343 */ = {
			isa = PBXFileSystemSynchronizedRootGroup;
			path = Store343;
			sourceTree = "<group>";
		};
/* End PBXFileSystemSynchronizedRootGroup section */

/* Begin PBXFrameworksBuildPhase section */
		BA33397C2EBF902E0012B6AA /* Frameworks */ = {
			isa = PBXFrameworksBuildPhase;
			buildActionMask = 2147483647;
			files = (
			);
			runOnlyForDeploymentPostprocessing = 0;
		};
/* End PBXFrameworksBuildPhase section */

/* Begin PBXGroup section */
		BA3339762EBF902E0012B6AA = {
			isa = PBXGroup;
			children = (
				BA333A282EBFCFC20012B6AA /* Store343.xcdatamodeld */,
				BA333A042EBFCABC0012B6AA /* Store343 */,
				BA333A132EBFCCBF0012B6AA /* Models */,
				BA333A192EBFCD5B0012B6AA /* Views */,
				BA333A2F2EBFD0050012B6AA /* Helpers */,
				BA333A1E2EBFCDB10012B6AA /* Beosztas */,
				BA333A1F2EBFCDC60012B6AA /* Termekek */,
				BA3339AB2EBF98450012B6AA /* Store343.app */,
			);
			sourceTree = "<group>";
		};
		BA333A132EBFCCBF0012B6AA /* Models */ = {
			isa = PBXGroup;
			children = (
				BA333A052EBFCB3D0012B6AA /* PersistenceController.swift */,
				BA3339FD2EBFCA710012B6AA /* ColorTheme.swift */,
				D5E8AC18E241454886AB7C68 /* NapiInfoModels.swift */,
				3E7C172DE95447029EFCF5A7 /* NfModels.swift */,
			
				49797A3C04A14BB9B37B2993 /* HianycikkModels.swift */,);
			path = Models;
			sourceTree = "<group>";
		};
		BA333A192EBFCD5B0012B6AA /* Views */ = {
			isa = PBXGroup;
			children = (
				BA3339F82EBFCA390012B6AA /* ContentView.swift */,
				BA333A1A2EBFCD6D0012B6AA /* Home */,
				BA333A1B2EBFCD740012B6AA /* Info */,
			);
			path = Views;
			sourceTree = "<group>";
		};
		BA333A1A2EBFCD6D0012B6AA /* Home */ = {
			isa = PBXGroup;
			children = (
				BA3339D62EBFC7A20012B6AA /* HomeView.swift */,
				BA3339D72EBFC7A20012B6AA /* WeekStatusCard.swift */,
				E3BB88A27F5B4FAB8BF1AEC0 /* QuickActionCard.swift */,
				F822521389694F12827F1CB9 /* WideCard.swift */,
				DF301BD419CF43D9A8297447 /* WeeklyInfoCard.swift */,
			);
			path = Home;
			sourceTree = "<group>";
		};
		BA333A1B2EBFCD740012B6AA /* Info */ = {
			isa = PBXGroup;
			children = (
				BA3339B62EBFC5090012B6AA /* InfoHubView.swift */,
				BA3339B82EBFC5260012B6AA /* InfoSelectionView.swift */,
				BA333A1C2EBFCD930012B6AA /* NapiInfo */,
			);
			path = Info;
			sourceTree = "<group>";
		};
		BA333A1C2EBFCD930012B6AA /* NapiInfo */ = {
			isa = PBXGroup;
			children = (
				BA3339C02EBFC6020012B6AA /* NapiInfoMainView.swift */,
				BA3339C82EBFC6940012B6AA /* NapiInfoDetailView.swift */,
				BA3339C62EBFC6770012B6AA /* NapiInfoListItem.swift */,
				BA333A1D2EBFCD9F0012B6AA /* Calendar */,
			);
			path = NapiInfo;
			sourceTree = "<group>";
		};
		BA333A1D2EBFCD9F0012B6AA /* Calendar */ = {
			isa = PBXGroup;
			children = (
				BA333A222EBFCEE00012B6AA /* WeekCalendarView.swift */,
				BA3339C22EBFC63A0012B6AA /* MonthCalendarView.swift */,
				BA3339C42EBFC65D0012B6AA /* YearCalendarView.swift */,
			);
			path = Calendar;
			sourceTree = "<group>";
		};
		BA333A1E2EBFCDB10012B6AA /* Beosztas */ = {
			isa = PBXGroup;
			children = (
				BA3339CA2EBFC6B00012B6AA /* BeosztasView.swift */,
			);
			path = Beosztas;
			sourceTree = "<group>";
		};
		BA333A1F2EBFCDC60012B6AA /* Termekek */ = {
			isa = PBXGroup;
			children = (
				BA3339CC2EBFC6CA0012B6AA /* TermekekView.swift */,
				BA333A302EBFD01F0012B6AA /* TermekekHubView.swift */,
				BA333A322EBFD0210012B6AA /* ElosztasokView.swift */,
				BA333A342EBFD0230012B6AA /* HianycikkekView.swift */,
				BA333A362EBFD0250012B6AA /* NfVisszakuldesView.swift */,
				BA333A3A2EBFD0290012B6AA /* NfBizonylatListView.swift */,
				BA333A3C2EBFD02B0012B6AA /* NfTermekListView.swift */,
				BA333A3E2EBFD02D0012B6AA /* NfOCRProcessView.swift */,
				F048A20F427F428AAC5A72D0 /* NfBizonylatDetailView.swift */,

				2B1420D7492E4FA49F486AC1 /* HianycikkKategoriaView.swift */,
				5FA57120A95545F89A0C0513 /* UjHianycikkView.swift */,
				BE8EAF4566E348829E080CA2 /* RendelesiListaView.swift */,);
			path = Termekek;
			sourceTree = "<group>";
		};
		BA333A2F2EBFD0050012B6AA /* Helpers */ = {
			isa = PBXGroup;
			children = (
				BA333A2D2EBFD0030012B6AA /* ImagePicker.swift */,
				536A6DBCF93643FB844C7C0D /* ClaudeAPIService.swift */,
				BB222C33D44E55F66778899A /* AppleVisionOCRService.swift */,
				CD8EE23E4DDB4D4A9729A2CB /* DocumentPicker.swift */,
			);
			path = Helpers;
			sourceTree = "<group>";
		};
/* End PBXGroup section */

/* Begin PBXNativeTarget section */
		BA33397E2EBF902E0012B6AA /* Store343 */ = {
			isa = PBXNativeTarget;
			buildConfigurationList = BA33398A2EBF902F0012B6AA /* Build configuration list for PBXNativeTarget "Store343" */;
			buildPhases = (
				BA33397B2EBF902E0012B6AA /* Sources */,
				BA33397C2EBF902E0012B6AA /* Frameworks */,
				BA33397D2EBF902E0012B6AA /* Resources */,
			);
			buildRules = (
			);
			dependencies = (
			);
			fileSystemSynchronizedGroups = (
				BA333A042EBFCABC0012B6AA /* Store343 */,
			);
			name = Store343;
			packageProductDependencies = (
			);
			productName = Store343;
			productReference = BA3339AB2EBF98450012B6AA /* Store343.app */;
			productType = "com.apple.product-type.application";
		};
/* End PBXNativeTarget section */

/* Begin PBXProject section */
		BA3339772EBF902E0012B6AA /* Project object */ = {
			isa = PBXProject;
			attributes = {
				BuildIndependentTargetsInParallel = 1;
				LastSwiftUpdateCheck = 2600;
				LastUpgradeCheck = 2600;
				TargetAttributes = {
					BA33397E2EBF902E0012B6AA = {
						CreatedOnToolsVersion = 26.0.1;
					};
				};
			};
			buildConfigurationList = BA33397A2EBF902E0012B6AA /* Build configuration list for PBXProject "Store343" */;
			developmentRegion = en;
			hasScannedForEncodings = 0;
			knownRegions = (
				en,
				Base,
			);
			mainGroup = BA3339762EBF902E0012B6AA;
			minimizedProjectReferenceProxies = 1;
			preferredProjectObjectVersion = 77;
			productRefGroup = BA3339762EBF902E0012B6AA;
			projectDirPath = "";
			projectRoot = "";
			targets = (
				BA33397E2EBF902E0012B6AA /* Store343 */,
			);
		};
/* End PBXProject section */

/* Begin PBXResourcesBuildPhase section */
		BA33397D2EBF902E0012B6AA /* Resources */ = {
			isa = PBXResourcesBuildPhase;
			buildActionMask = 2147483647;
			files = (
			);
			runOnlyForDeploymentPostprocessing = 0;
		};
/* End PBXResourcesBuildPhase section */

/* Begin PBXSourcesBuildPhase section */
		BA33397B2EBF902E0012B6AA /* Sources */ = {
			isa = PBXSourcesBuildPhase;
			buildActionMask = 2147483647;
			files = (
				BA3339C92EBFC6980012B6AA /* NapiInfoDetailView.swift in Sources */,
				BA3339C32EBFC6440012B6AA /* MonthCalendarView.swift in Sources */,
				BA333A242EBFCEE40012B6AA /* WeekCalendarView.swift in Sources */,
				BA3339CB2EBFC6B50012B6AA /* BeosztasView.swift in Sources */,
				BA333A2A2EBFCFC20012B6AA /* Store343.xcdatamodeld in Sources */,
				BA3339CD2EBFC6CE0012B6AA /* TermekekView.swift in Sources */,
				BA3339C52EBFC6620012B6AA /* YearCalendarView.swift in Sources */,
				BA3339D92EBFC7A20012B6AA /* WeekStatusCard.swift in Sources */,
				4A3255CAC0BA4CF18B4EE44D /* QuickActionCard.swift in Sources */,
				C1DCC5530C9742C98B28E6EA /* WideCard.swift in Sources */,
				5A3756F371604793B6583FED /* WeeklyInfoCard.swift in Sources */,
				BA3339C72EBFC67C0012B6AA /* NapiInfoListItem.swift in Sources */,
				BA3339B72EBFC5100012B6AA /* InfoHubView.swift in Sources */,
				BA333A062EBFCB3D0012B6AA /* PersistenceController.swift in Sources */,
				BA3339FE2EBFCA710012B6AA /* ColorTheme.swift in Sources */,
				BA3339C12EBFC60D0012B6AA /* NapiInfoMainView.swift in Sources */,
				BA3339F92EBFCA390012B6AA /* ContentView.swift in Sources */,
				BA3339B92EBFC52B0012B6AA /* InfoSelectionView.swift in Sources */,
				BA3339DA2EBFC7A20012B6AA /* HomeView.swift in Sources */,
				BA333A2B2EBFD0010012B6AA /* ImagePicker.swift in Sources */,
				FBCE0625A10D433FA025BE55 /* ClaudeAPIService.swift in Sources */,
				AA111B22C33D44E55F667788 /* AppleVisionOCRService.swift in Sources */,
				BA333A312EBFD0200012B6AA /* TermekekHubView.swift in Sources */,
				BA333A332EBFD0220012B6AA /* ElosztasokView.swift in Sources */,
				BA333A352EBFD0240012B6AA /* HianycikkekView.swift in Sources */,
				BA333A372EBFD0260012B6AA /* NfVisszakuldesView.swift in Sources */,
				BA333A3B2EBFD02A0012B6AA /* NfBizonylatListView.swift in Sources */,
				BA333A3D2EBFD02C0012B6AA /* NfTermekListView.swift in Sources */,
				BA333A3F2EBFD02E0012B6AA /* NfOCRProcessView.swift in Sources */,
				F86263F58D594BB98D6F930E /* NfBizonylatDetailView.swift in Sources */,
				2F9673CE234C466BA1631263 /* DocumentPicker.swift in Sources */,
				491F8B59258C46F288165E76 /* NapiInfoModels.swift in Sources */,
				E1968FBC54C747188153061A /* NfModels.swift in Sources */,
			
				15656E3993C44C3D84708A55 /* HianycikkModels.swift in Sources */,
				E90DC9CFAF75460885149E82 /* HianycikkKategoriaView.swift in Sources */,
				1E795BA0F97F4FDB812A451F /* UjHianycikkView.swift in Sources */,
				95B867C46BA647B581E1C70A /* RendelesiListaView.swift in Sources */,
				AA1122BB33CC44DD55EE6677 /* BeosztasModels.swift in Sources */,
			);
			runOnlyForDeploymentPostprocessing = 0;
		};
/* End PBXSourcesBuildPhase section */

/* Begin XCBuildConfiguration section */
		BA3339882EBF902F0012B6AA /* Debug */ = {
			isa = XCBuildConfiguration;
			buildSettings = {
				ALWAYS_SEARCH_USER_PATHS = NO;
				ASSETCATALOG_COMPILER_GENERATE_SWIFT_ASSET_SYMBOL_EXTENSIONS = YES;
				CLANG_ANALYZER_NONNULL = YES;
				CLANG_ANALYZER_NUMBER_OBJECT_CONVERSION = YES_AGGRESSIVE;
				CLANG_CXX_LANGUAGE_STANDARD = "gnu++20";
				CLANG_ENABLE_MODULES = YES;
				CLANG_ENABLE_OBJC_ARC = YES;
				CLANG_ENABLE_OBJC_WEAK = YES;
				CLANG_WARN_BLOCK_CAPTURE_AUTORELEASING = YES;
				CLANG_WARN_BOOL_CONVERSION = YES;
				CLANG_WARN_COMMA = YES;
				CLANG_WARN_CONSTANT_CONVERSION = YES;
				CLANG_WARN_DEPRECATED_OBJC_IMPLEMENTATIONS = YES;
				CLANG_WARN_DIRECT_OBJC_ISA_USAGE = YES_ERROR;
				CLANG_WARN_DOCUMENTATION_COMMENTS = YES;
				CLANG_WARN_EMPTY_BODY = YES;
				CLANG_WARN_ENUM_CONVERSION = YES;
				CLANG_WARN_INFINITE_RECURSION = YES;
				CLANG_WARN_INT_CONVERSION = YES;
				CLANG_WARN_NON_LITERAL_NULL_CONVERSION = YES;
				CLANG_WARN_OBJC_IMPLICIT_RETAIN_SELF = YES;
				CLANG_WARN_OBJC_LITERAL_CONVERSION = YES;
				CLANG_WARN_OBJC_ROOT_CLASS = YES_ERROR;
				CLANG_WARN_QUOTED_INCLUDE_IN_FRAMEWORK_HEADER = YES;
				CLANG_WARN_RANGE_LOOP_ANALYSIS = YES;
				CLANG_WARN_STRICT_PROTOTYPES = YES;
				CLANG_WARN_SUSPICIOUS_MOVE = YES;
				CLANG_WARN_UNGUARDED_AVAILABILITY = YES_AGGRESSIVE;
				CLANG_WARN_UNREACHABLE_CODE = YES;
				CLANG_WARN__DUPLICATE_METHOD_MATCH = YES;
				COPY_PHASE_STRIP = NO;
				DEBUG_INFORMATION_FORMAT = dwarf;
				ENABLE_STRICT_OBJC_MSGSEND = YES;
				ENABLE_TESTABILITY = YES;
				ENABLE_USER_SCRIPT_SANDBOXING = YES;
				GCC_C_LANGUAGE_STANDARD = gnu17;
				GCC_DYNAMIC_NO_PIC = NO;
				GCC_NO_COMMON_BLOCKS = YES;
				GCC_OPTIMIZATION_LEVEL = 0;
				GCC_PREPROCESSOR_DEFINITIONS = (
					"DEBUG=1",
					"$(inherited)",
				);
				GCC_WARN_64_TO_32_BIT_CONVERSION = YES;
				GCC_WARN_ABOUT_RETURN_TYPE = YES_ERROR;
				GCC_WARN_UNDECLARED_SELECTOR = YES;
				GCC_WARN_UNINITIALIZED_AUTOS = YES_AGGRESSIVE;
				GCC_WARN_UNUSED_FUNCTION = YES;
				GCC_WARN_UNUSED_VARIABLE = YES;
				IPHONEOS_DEPLOYMENT_TARGET = 26.0;
				LOCALIZATION_PREFERS_STRING_CATALOGS = YES;
				MTL_ENABLE_DEBUG_INFO = INCLUDE_SOURCE;
				MTL_FAST_MATH = YES;
				ONLY_ACTIVE_ARCH = YES;
				SDKROOT = iphoneos;
				SWIFT_ACTIVE_COMPILATION_CONDITIONS = "DEBUG $(inherited)";
				SWIFT_OPTIMIZATION_LEVEL = "-Onone";
			};
			name = Debug;
		};
		BA3339892EBF902F0012B6AA /* Release */ = {
			isa = XCBuildConfiguration;
			buildSettings = {
				ALWAYS_SEARCH_USER_PATHS = NO;
				ASSETCATALOG_COMPILER_GENERATE_SWIFT_ASSET_SYMBOL_EXTENSIONS = YES;
				CLANG_ANALYZER_NONNULL = YES;
				CLANG_ANALYZER_NUMBER_OBJECT_CONVERSION = YES_AGGRESSIVE;
				CLANG_CXX_LANGUAGE_STANDARD = "gnu++20";
				CLANG_ENABLE_MODULES = YES;
				CLANG_ENABLE_OBJC_ARC = YES;
				CLANG_ENABLE_OBJC_WEAK = YES;
				CLANG_WARN_BLOCK_CAPTURE_AUTORELEASING = YES;
				CLANG_WARN_BOOL_CONVERSION = YES;
				CLANG_WARN_COMMA = YES;
				CLANG_WARN_CONSTANT_CONVERSION = YES;
				CLANG_WARN_DEPRECATED_OBJC_IMPLEMENTATIONS = YES;
				CLANG_WARN_DIRECT_OBJC_ISA_USAGE = YES_ERROR;
				CLANG_WARN_DOCUMENTATION_COMMENTS = YES;
				CLANG_WARN_EMPTY_BODY = YES;
				CLANG_WARN_ENUM_CONVERSION = YES;
				CLANG_WARN_INFINITE_RECURSION = YES;
				CLANG_WARN_INT_CONVERSION = YES;
				CLANG_WARN_NON_LITERAL_NULL_CONVERSION = YES;
				CLANG_WARN_OBJC_IMPLICIT_RETAIN_SELF = YES;
				CLANG_WARN_OBJC_LITERAL_CONVERSION = YES;
				CLANG_WARN_OBJC_ROOT_CLASS = YES_ERROR;
				CLANG_WARN_QUOTED_INCLUDE_IN_FRAMEWORK_HEADER = YES;
				CLANG_WARN_RANGE_LOOP_ANALYSIS = YES;
				CLANG_WARN_STRICT_PROTOTYPES = YES;
				CLANG_WARN_SUSPICIOUS_MOVE = YES;
				CLANG_WARN_UNGUARDED_AVAILABILITY = YES_AGGRESSIVE;
				CLANG_WARN_UNREACHABLE_CODE = YES;
				CLANG_WARN__DUPLICATE_METHOD_MATCH = YES;
				COPY_PHASE_STRIP = NO;
				DEBUG_INFORMATION_FORMAT = "dwarf-with-dsym";
				ENABLE_NS_ASSERTIONS = NO;
				ENABLE_STRICT_OBJC_MSGSEND = YES;
				ENABLE_USER_SCRIPT_SANDBOXING = YES;
				GCC_C_LANGUAGE_STANDARD = gnu17;
				GCC_NO_COMMON_BLOCKS = YES;
				GCC_WARN_64_TO_32_BIT_CONVERSION = YES;
				GCC_WARN_ABOUT_RETURN_TYPE = YES_ERROR;
				GCC_WARN_UNDECLARED_SELECTOR = YES;
				GCC_WARN_UNINITIALIZED_AUTOS = YES_AGGRESSIVE;
				GCC_WARN_UNUSED_FUNCTION = YES;
				GCC_WARN_UNUSED_VARIABLE = YES;
				IPHONEOS_DEPLOYMENT_TARGET = 26.0;
				LOCALIZATION_PREFERS_STRING_CATALOGS = YES;
				MTL_ENABLE_DEBUG_INFO = NO;
				MTL_FAST_MATH = YES;
				SDKROOT = iphoneos;
				SWIFT_COMPILATION_MODE = wholemodule;
				VALIDATE_PRODUCT = YES;
			};
			name = Release;
		};
		BA33398B2EBF902F0012B6AA /* Debug */ = {
			isa = XCBuildConfiguration;
			buildSettings = {
				ASSETCATALOG_COMPILER_APPICON_NAME = AppIcon;
				ASSETCATALOG_COMPILER_GLOBAL_ACCENT_COLOR_NAME = AccentColor;
				CODE_SIGN_STYLE = Automatic;
				CURRENT_PROJECT_VERSION = 2;
				DEVELOPMENT_TEAM = SD4378PP2N;
				ENABLE_PREVIEWS = YES;
				GENERATE_INFOPLIST_FILE = YES;
				INFOPLIST_KEY_UIApplicationSceneManifest_Generation = YES;
				INFOPLIST_KEY_UIApplicationSupportsIndirectInputEvents = YES;
				INFOPLIST_KEY_UILaunchScreen_Generation = YES;
				INFOPLIST_KEY_UISupportedInterfaceOrientations_iPad = "UIInterfaceOrientationPortrait UIInterfaceOrientationPortraitUpsideDown UIInterfaceOrientationLandscapeLeft UIInterfaceOrientationLandscapeRight";
				INFOPLIST_KEY_UISupportedInterfaceOrientations_iPhone = "UIInterfaceOrientationPortrait UIInterfaceOrientationLandscapeLeft UIInterfaceOrientationLandscapeRight";
				INFOPLIST_KEY_NSCameraUsageDescription = "A Store 343 app használná a kamerát, hogy képeket készíthess a napi információkhoz és OCR szövegfelismerést végezhess.";
				INFOPLIST_KEY_NSPhotoLibraryUsageDescription = "A Store 343 app hozzá szeretne férni a fotótáradhoz, hogy képeket választhass ki OCR szövegfelismeréshez.";
				INFOPLIST_KEY_NSPhotoLibraryAddUsageDescription = "A Store 343 app képeket szeretne menteni a fotótáradba.";
				LD_RUNPATH_SEARCH_PATHS = (
					"$(inherited)",
					"@executable_path/Frameworks",
				);
				MARKETING_VERSION = 1.0;
				PRODUCT_BUNDLE_IDENTIFIER = com.store343.Store343;
				PRODUCT_NAME = "$(TARGET_NAME)";
				STRING_CATALOG_GENERATE_SYMBOLS = YES;
				SWIFT_APPROACHABLE_CONCURRENCY = YES;
				SWIFT_DEFAULT_ACTOR_ISOLATION = MainActor;
				SWIFT_EMIT_LOC_STRINGS = YES;
				SWIFT_UPCOMING_FEATURE_MEMBER_IMPORT_VISIBILITY = YES;
				SWIFT_VERSION = 5.0;
				TARGETED_DEVICE_FAMILY = "1,2";
			};
			name = Debug;
		};
		BA33398C2EBF902F0012B6AA /* Release */ = {
			isa = XCBuildConfiguration;
			buildSettings = {
				ASSETCATALOG_COMPILER_APPICON_NAME = AppIcon;
				ASSETCATALOG_COMPILER_GLOBAL_ACCENT_COLOR_NAME = AccentColor;
				CODE_SIGN_STYLE = Automatic;
				CURRENT_PROJECT_VERSION = 2;
				DEVELOPMENT_TEAM = SD4378PP2N;
				ENABLE_PREVIEWS = YES;
				GENERATE_INFOPLIST_FILE = YES;
				INFOPLIST_KEY_UIApplicationSceneManifest_Generation = YES;
				INFOPLIST_KEY_UIApplicationSupportsIndirectInputEvents = YES;
				INFOPLIST_KEY_UILaunchScreen_Generation = YES;
				INFOPLIST_KEY_UISupportedInterfaceOrientations_iPad = "UIInterfaceOrientationPortrait UIInterfaceOrientationPortraitUpsideDown UIInterfaceOrientationLandscapeLeft UIInterfaceOrientationLandscapeRight";
				INFOPLIST_KEY_UISupportedInterfaceOrientations_iPhone = "UIInterfaceOrientationPortrait UIInterfaceOrientationLandscapeLeft UIInterfaceOrientationLandscapeRight";
				INFOPLIST_KEY_NSCameraUsageDescription = "A Store 343 app használná a kamerát, hogy képeket készíthess a napi információkhoz és OCR szövegfelismerést végezhess.";
				INFOPLIST_KEY_NSPhotoLibraryUsageDescription = "A Store 343 app hozzá szeretne férni a fotótáradhoz, hogy képeket választhass ki OCR szövegfelismeréshez.";
				INFOPLIST_KEY_NSPhotoLibraryAddUsageDescription = "A Store 343 app képeket szeretne menteni a fotótáradba.";
				LD_RUNPATH_SEARCH_PATHS = (
					"$(inherited)",
					"@executable_path/Frameworks",
				);
				MARKETING_VERSION = 1.0;
				PRODUCT_BUNDLE_IDENTIFIER = com.store343.Store343;
				PRODUCT_NAME = "$(TARGET_NAME)";
				STRING_CATALOG_GENERATE_SYMBOLS = YES;
				SWIFT_APPROACHABLE_CONCURRENCY = YES;
				SWIFT_DEFAULT_ACTOR_ISOLATION = MainActor;
				SWIFT_EMIT_LOC_STRINGS = YES;
				SWIFT_UPCOMING_FEATURE_MEMBER_IMPORT_VISIBILITY = YES;
				SWIFT_VERSION = 5.0;
				TARGETED_DEVICE_FAMILY = "1,2";
			};
			name = Release;
		};
/* End XCBuildConfiguration section */

/* Begin XCConfigurationList section */
		BA33397A2EBF902E0012B6AA /* Build configuration list for PBXProject "Store343" */ = {
			isa = XCConfigurationList;
			buildConfigurations = (
				BA3339882EBF902F0012B6AA /* Debug */,
				BA3339892EBF902F0012B6AA /* Release */,
			);
			defaultConfigurationIsVisible = 0;
			defaultConfigurationName = Release;
		};
		BA33398A2EBF902F0012B6AA /* Build configuration list for PBXNativeTarget "Store343" */ = {
			isa = XCConfigurationList;
			buildConfigurations = (
				BA33398B2EBF902F0012B6AA /* Debug */,
				BA33398C2EBF902F0012B6AA /* Release */,
			);
			defaultConfigurationIsVisible = 0;
			defaultConfigurationName = Release;
		};
/* End XCConfigurationList section */

/* Begin XCVersionGroup section */
		BA333A282EBFCFC20012B6AA /* Store343.xcdatamodeld */ = {
			isa = XCVersionGroup;
			children = (
				BA333A292EBFCFC20012B6AA /* Store343.xcdatamodel */,
			);
			currentVersion = BA333A292EBFCFC20012B6AA /* Store343.xcdatamodel */;
			path = Store343.xcdatamodeld;
			sourceTree = "<group>";
			versionGroupType = wrapper.xcdatamodel;
		};
/* End XCVersionGroup section */
	};
	rootObject = BA3339772EBF902E0012B6AA /* Project object */;
}
